
Microsoft Visual Studio Solution File, Format Version 12.00
# Visual Studio Version 16
VisualStudioVersion = 16.0.29509.3
MinimumVisualStudioVersion = 10.0.40219.1
Project("{9A19103F-16F7-4668-BE54-9A1E7A4F7556}") = "FlashCard.Api", "FlashCard.Api\FlashCard.Api.csproj", "{5C369F6A-2AB7-4A41-9FC5-E05953BFA132}"
EndProject
Project("{E24C65DC-7377-472B-9ABA-BC803B73C61A}") = "FlashCard.Client", "FlashCard.Client\", "{B5BA53C2-417F-4CC0-AEB1-C4BD78EFB510}"
	ProjectSection(WebsiteProperties) = preProject
		TargetFrameworkMoniker = ".NETFramework,Version%3Dv4.0"
		Debug.AspNetCompiler.VirtualPath = "/localhost_60441"
		Debug.AspNetCompiler.PhysicalPath = "FlashCard.Client\"
		Debug.AspNetCompiler.TargetPath = "PrecompiledWeb\localhost_60441\"
		Debug.AspNetCompiler.Updateable = "true"
		Debug.AspNetCompiler.ForceOverwrite = "true"
		Debug.AspNetCompiler.FixedNames = "false"
		Debug.AspNetCompiler.Debug = "True"
		Release.AspNetCompiler.VirtualPath = "/localhost_60441"
		Release.AspNetCompiler.PhysicalPath = "FlashCard.Client\"
		Release.AspNetCompiler.TargetPath = "PrecompiledWeb\localhost_60441\"
		Release.AspNetCompiler.Updateable = "true"
		Release.AspNetCompiler.ForceOverwrite = "true"
		Release.AspNetCompiler.FixedNames = "false"
		Release.AspNetCompiler.Debug = "False"
		VWDPort = "60441"
	EndProjectSection
EndProject
Global
	GlobalSection(SolutionConfigurationPlatforms) = preSolution
		Debug|Any CPU = Debug|Any CPU
		Release|Any CPU = Release|Any CPU
	EndGlobalSection
	GlobalSection(ProjectConfigurationPlatforms) = postSolution
		{5C369F6A-2AB7-4A41-9FC5-E05953BFA132}.Debug|Any CPU.ActiveCfg = Debug|Any CPU
		{5C369F6A-2AB7-4A41-9FC5-E05953BFA132}.Debug|Any CPU.Build.0 = Debug|Any CPU
		{5C369F6A-2AB7-4A41-9FC5-E05953BFA132}.Release|Any CPU.ActiveCfg = Release|Any CPU
		{5C369F6A-2AB7-4A41-9FC5-E05953BFA132}.Release|Any CPU.Build.0 = Release|Any CPU
		{B5BA53C2-417F-4CC0-AEB1-C4BD78EFB510}.Debug|Any CPU.ActiveCfg = Debug|Any CPU
		{B5BA53C2-417F-4CC0-AEB1-C4BD78EFB510}.Debug|Any CPU.Build.0 = Debug|Any CPU
		{B5BA53C2-417F-4CC0-AEB1-C4BD78EFB510}.Release|Any CPU.ActiveCfg = Debug|Any CPU
		{B5BA53C2-417F-4CC0-AEB1-C4BD78EFB510}.Release|Any CPU.Build.0 = Debug|Any CPU
	EndGlobalSection
	GlobalSection(SolutionProperties) = preSolution
		HideSolutionNode = FALSE
	EndGlobalSection
	GlobalSection(ExtensibilityGlobals) = postSolution
		SolutionGuid = {7AB3AE7A-0903-417B-8F86-44F15AB547DC}
	EndGlobalSection
EndGlobal
